// !$*UTF8*$!
{
	archiveVersion = 1;
	classes = {
	};
	objectVersion = 50;
	objects = {

/* Begin PBXBuildFile section */
		785547D823D6BC3B003AA135 /* AppDelegate.swift in Sources */ = {isa = PBXBuildFile; fileRef = 785547D723D6BC3B003AA135 /* AppDelegate.swift */; };
		785547DA23D6BC3B003AA135 /* SceneDelegate.swift in Sources */ = {isa = PBXBuildFile; fileRef = 785547D923D6BC3B003AA135 /* SceneDelegate.swift */; };
		785547DC23D6BC3B003AA135 /* ViewController.swift in Sources */ = {isa = PBXBuildFile; fileRef = 785547DB23D6BC3B003AA135 /* ViewController.swift */; };
		785547DF23D6BC3B003AA135 /* Main.storyboard in Resources */ = {isa = PBXBuildFile; fileRef = 785547DD23D6BC3B003AA135 /* Main.storyboard */; };
		785547E123D6BC43003AA135 /* Assets.xcassets in Resources */ = {isa = PBXBuildFile; fileRef = 785547E023D6BC43003AA135 /* Assets.xcassets */; };
		785547E423D6BC43003AA135 /* LaunchScreen.storyboard in Resources */ = {isa = PBXBuildFile; fileRef = 785547E223D6BC43003AA135 /* LaunchScreen.storyboard */; };
/* End PBXBuildFile section */

/* Begin PBXFileReference section */
		785547D423D6BC3A003AA135 /* paymentGatewayPractice.app */ = {isa = PBXFileReference; explicitFileType = wrapper.application; includeInIndex = 0; path = paymentGatewayPractice.app; sourceTree = BUILT_PRODUCTS_DIR; };
		785547D723D6BC3B003AA135 /* AppDelegate.swift */ = {isa = PBXFileReference; lastKnownFileType = sourcecode.swift; path = AppDelegate.swift; sourceTree = "<group>"; };
		785547D923D6BC3B003AA135 /* SceneDelegate.swift */ = {isa = PBXFileReference; lastKnownFileType = sourcecode.swift; path = SceneDelegate.swift; sourceTree = "<group>"; };
		785547DB23D6BC3B003AA135 /* ViewController.swift */ = {isa = PBXFileReference; lastKnownFileType = sourcecode.swift; path = ViewController.swift; sourceTree = "<group>"; };
		785547DE23D6BC3B003AA135 /* Base */ = {isa = PBXFileReference; lastKnownFileType = file.storyboard; name = Base; path = Base.lproj/Main.storyboard; sourceTree = "<group>"; };
		785547E023D6BC43003AA135 /* Assets.xcassets */ = {isa = PBXFileReference; lastKnownFileType = folder.assetcatalog; path = Assets.xcassets; sourceTree = "<group>"; };
		785547E323D6BC43003AA135 /* Base */ = {isa = PBXFileReference; lastKnownFileType = file.storyboard; name = Base; path = Base.lproj/LaunchScreen.storyboard; sourceTree = "<group>"; };
		785547E523D6BC43003AA135 /* Info.plist */ = {isa = PBXFileReference; lastKnownFileType = text.plist.xml; path = Info.plist; sourceTree = "<group>"; };
/* End PBXFileReference section */

/* Begin PBXFrameworksBuildPhase section */
		785547D123D6BC3A003AA135 /* Frameworks */ = {
			isa = PBXFrameworksBuildPhase;
			buildActionMask = 2147483647;
			files = (
			);
			runOnlyForDeploymentPostprocessing = 0;
		};
/* End PBXFrameworksBuildPhase section */

/* Begin PBXGroup section */
		785547CB23D6BC3A003AA135 = {
			isa = PBXGroup;
			children = (
				785547D623D6BC3A003AA135 /* paymentGatewayPractice */,
				785547D523D6BC3A003AA135 /* Products */,
			);
			sourceTree = "<group>";
		};
		785547D523D6BC3A003AA135 /* Products */ = {
			isa = PBXGroup;
			children = (
				785547D423D6BC3A003AA135 /* paymentGatewayPractice.app */,
			);
			name = Products;
			sourceTree = "<group>";
		};
		785547D623D6BC3A003AA135 /* paymentGatewayPractice */ = {
			isa = PBXGroup;
			children = (
				785547D723D6BC3B003AA135 /* AppDelegate.swift */,
				785547D923D6BC3B003AA135 /* SceneDelegate.swift */,
				785547DB23D6BC3B003AA135 /* ViewController.swift */,
				785547DD23D6BC3B003AA135 /* Main.storyboard */,
				785547E023D6BC43003AA135 /* Assets.xcassets */,
				785547E223D6BC43003AA135 /* LaunchScreen.storyboard */,
				785547E523D6BC43003AA135 /* Info.plist */,
			);
			path = paymentGatewayPractice;
			sourceTree = "<group>";
		};
/* End PBXGroup section */

/* Begin PBXNativeTarget section */
		785547D323D6BC3A003AA135 /* paymentGatewayPractice */ = {
			isa = PBXNativeTarget;
			buildConfigurationList = 785547E823D6BC43003AA135 /* Build configuration list for PBXNativeTarget "paymentGatewayPractice" */;
			buildPhases = (
				785547D023D6BC3A003AA135 /* Sources */,
				785547D123D6BC3A003AA135 /* Frameworks */,
				785547D223D6BC3A003AA135 /* Resources */,
			);
			buildRules = (
			);
			dependencies = (
			);
			name = paymentGatewayPractice;
			productName = paymentGatewayPractice;
			productReference = 785547D423D6BC3A003AA135 /* paymentGatewayPractice.app */;
			productType = "com.apple.product-type.application";
		};
/* End PBXNativeTarget section */

/* Begin PBXProject section */
		785547CC23D6BC3A003AA135 /* Project object */ = {
			isa = PBXProject;
			attributes = {
				LastSwiftUpdateCheck = 1110;
				LastUpgradeCheck = 1110;
				ORGANIZATIONNAME = "Varalakshmi Kacherla";
				TargetAttributes = {
					785547D323D6BC3A003AA135 = {
						CreatedOnToolsVersion = 11.1;
					};
				};
			};
			buildConfigurationList = 785547CF23D6BC3A003AA135 /* Build configuration list for PBXProject "paymentGatewayPractice" */;
			compatibilityVersion = "Xcode 9.3";
			developmentRegion = en;
			hasScannedForEncodings = 0;
			knownRegions = (
				en,
				Base,
			);
			mainGroup = 785547CB23D6BC3A003AA135;
			productRefGroup = 785547D523D6BC3A003AA135 /* Products */;
			projectDirPath = "";
			projectRoot = "";
			targets = (
				785547D323D6BC3A003AA135 /* paymentGatewayPractice */,
			);
		};
/* End PBXProject section */

/* Begin PBXResourcesBuildPhase section */
		785547D223D6BC3A003AA135 /* Resources */ = {
			isa = PBXResourcesBuildPhase;
			buildActionMask = 2147483647;
			files = (
				785547E423D6BC43003AA135 /* LaunchScreen.storyboard in Resources */,
				785547E123D6BC43003AA135 /* Assets.xcassets in Resources */,
				785547DF23D6BC3B003AA135 /* Main.storyboard in Resources */,
			);
			runOnlyForDeploymentPostprocessing = 0;
		};
/* End PBXResourcesBuildPhase section */

/* Begin PBXSourcesBuildPhase section */
		785547D023D6BC3A003AA135 /* Sources */ = {
			isa = PBXSourcesBuildPhase;
			buildActionMask = 2147483647;
			files = (
				785547DC23D6BC3B003AA135 /* ViewController.swift in Sources */,
				785547D823D6BC3B003AA135 /* AppDelegate.swift in Sources */,
				785547DA23D6BC3B003AA135 /* SceneDelegate.swift in Sources */,
			);
			runOnlyForDeploymentPostprocessing = 0;
		};
/* End PBXSourcesBuildPhase section */

/* Begin PBXVariantGroup section */
		785547DD23D6BC3B003AA135 /* Main.storyboard */ = {
			isa = PBXVariantGroup;
			children = (
				785547DE23D6BC3B003AA135 /* Base */,
			);
			name = Main.storyboard;
			sourceTree = "<group>";
		};
		785547E223D6BC43003AA135 /* LaunchScreen.storyboard */ = {
			isa = PBXVariantGroup;
			children = (
				785547E323D6BC43003AA135 /* Base */,
			);
			name = LaunchScreen.storyboard;
			sourceTree = "<group>";
		};
/* End PBXVariantGroup section */

/* Begin XCBuildConfiguration section */
		785547E623D6BC43003AA135 /* Debug */ = {
			isa = XCBuildConfiguration;
			buildSettings = {
				ALWAYS_SEARCH_USER_PATHS = NO;
				CLANG_ANALYZER_NONNULL = YES;
				CLANG_ANALYZER_NUMBER_OBJECT_CONVERSION = YES_AGGRESSIVE;
				CLANG_CXX_LANGUAGE_STANDARD = "gnu++14";
				CLANG_CXX_LIBRARY = "libc++";
				CLANG_ENABLE_MODULES = YES;
				CLANG_ENABLE_OBJC_ARC = YES;
				CLANG_ENABLE_OBJC_WEAK = YES;
				CLANG_WARN_BLOCK_CAPTURE_AUTORELEASING = YES;
				CLANG_WARN_BOOL_CONVERSION = YES;
				CLANG_WARN_COMMA = YES;
				CLANG_WARN_CONSTANT_CONVERSION = YES;
				CLANG_WARN_DEPRECATED_OBJC_IMPLEMENTATIONS = YES;
				CLANG_WARN_DIRECT_OBJC_ISA_USAGE = YES_ERROR;
				CLANG_WARN_DOCUMENTATION_COMMENTS = YES;
				CLANG_WARN_EMPTY_BODY = YES;
				CLANG_WARN_ENUM_CONVERSION = YES;
				CLANG_WARN_INFINITE_RECURSION = YES;
				CLANG_WARN_INT_CONVERSION = YES;
				CLANG_WARN_NON_LITERAL_NULL_CONVERSION = YES;
				CLANG_WARN_OBJC_IMPLICIT_RETAIN_SELF = YES;
				CLANG_WARN_OBJC_LITERAL_CONVERSION = YES;
				CLANG_WARN_OBJC_ROOT_CLASS = YES_ERROR;
				CLANG_WARN_RANGE_LOOP_ANALYSIS = YES;
				CLANG_WARN_STRICT_PROTOTYPES = YES;
				CLANG_WARN_SUSPICIOUS_MOVE = YES;
				CLANG_WARN_UNGUARDED_AVAILABILITY = YES_AGGRESSIVE;
				CLANG_WARN_UNREACHABLE_CODE = YES;
				CLANG_WARN__DUPLICATE_METHOD_MATCH = YES;
				COPY_PHASE_STRIP = NO;
				DEBUG_INFORMATION_FORMAT = dwarf;
				ENABLE_STRICT_OBJC_MSGSEND = YES;
				ENABLE_TESTABILITY = YES;
				GCC_C_LANGUAGE_STANDARD = gnu11;
				GCC_DYNAMIC_NO_PIC = NO;
				GCC_NO_COMMON_BLOCKS = YES;
				GCC_OPTIMIZATION_LEVEL = 0;
				GCC_PREPROCESSOR_DEFINITIONS = (
					"DEBUG=1",
					"$(inherited)",
				);
				GCC_WARN_64_TO_32_BIT_CONVERSION = YES;
				GCC_WARN_ABOUT_RETURN_TYPE = YES_ERROR;
				GCC_WARN_UNDECLARED_SELECTOR = YES;
				GCC_WARN_UNINITIALIZED_AUTOS = YES_AGGRESSIVE;
				GCC_WARN_UNUSED_FUNCTION = YES;
				GCC_WARN_UNUSED_VARIABLE = YES;
				IPHONEOS_DEPLOYMENT_TARGET = 13.1;
				MTL_ENABLE_DEBUG_INFO = INCLUDE_SOURCE;
				MTL_FAST_MATH = YES;
				ONLY_ACTIVE_ARCH = YES;
				SDKROOT = iphoneos;
				SWIFT_ACTIVE_COMPILATION_CONDITIONS = DEBUG;
				SWIFT_OPTIMIZATION_LEVEL = "-Onone";
			};
			name = Debug;
		};
		785547E723D6BC43003AA135 /* Release */ = {
			isa = XCBuildConfiguration;
			buildSettings = {
				ALWAYS_SEARCH_USER_PATHS = NO;
				CLANG_ANALYZER_NONNULL = YES;
				CLANG_ANALYZER_NUMBER_OBJECT_CONVERSION = YES_AGGRESSIVE;
				CLANG_CXX_LANGUAGE_STANDARD = "gnu++14";
				CLANG_CXX_LIBRARY = "libc++";
				CLANG_ENABLE_MODULES = YES;
				CLANG_ENABLE_OBJC_ARC = YES;
				CLANG_ENABLE_OBJC_WEAK = YES;
				CLANG_WARN_BLOCK_CAPTURE_AUTORELEASING = YES;
				CLANG_WARN_BOOL_CONVERSION = YES;
				CLANG_WARN_COMMA = YES;
				CLANG_WARN_CONSTANT_CONVERSION = YES;
				CLANG_WARN_DEPRECATED_OBJC_IMPLEMENTATIONS = YES;
				CLANG_WARN_DIRECT_OBJC_ISA_USAGE = YES_ERROR;
				CLANG_WARN_DOCUMENTATION_COMMENTS = YES;
				CLANG_WARN_EMPTY_BODY = YES;
				CLANG_WARN_ENUM_CONVERSION = YES;
				CLANG_WARN_INFINITE_RECURSION = YES;
				CLANG_WARN_INT_CONVERSION = YES;
				CLANG_WARN_NON_LITERAL_NULL_CONVERSION = YES;
				CLANG_WARN_OBJC_IMPLICIT_RETAIN_SELF = YES;
				CLANG_WARN_OBJC_LITERAL_CONVERSION = YES;
				CLANG_WARN_OBJC_ROOT_CLASS = YES_ERROR;
				CLANG_WARN_RANGE_LOOP_ANALYSIS = YES;
				CLANG_WARN_STRICT_PROTOTYPES = YES;
				CLANG_WARN_SUSPICIOUS_MOVE = YES;
				CLANG_WARN_UNGUARDED_AVAILABILITY = YES_AGGRESSIVE;
				CLANG_WARN_UNREACHABLE_CODE = YES;
				CLANG_WARN__DUPLICATE_METHOD_MATCH = YES;
				COPY_PHASE_STRIP = NO;
				DEBUG_INFORMATION_FORMAT = "dwarf-with-dsym";
				ENABLE_NS_ASSERTIONS = NO;
				ENABLE_STRICT_OBJC_MSGSEND = YES;
				GCC_C_LANGUAGE_STANDARD = gnu11;
				GCC_NO_COMMON_BLOCKS = YES;
				GCC_WARN_64_TO_32_BIT_CONVERSION = YES;
				GCC_WARN_ABOUT_RETURN_TYPE = YES_ERROR;
				GCC_WARN_UNDECLARED_SELECTOR = YES;
				GCC_WARN_UNINITIALIZED_AUTOS = YES_AGGRESSIVE;
				GCC_WARN_UNUSED_FUNCTION = YES;
				GCC_WARN_UNUSED_VARIABLE = YES;
				IPHONEOS_DEPLOYMENT_TARGET = 13.1;
				MTL_ENABLE_DEBUG_INFO = NO;
				MTL_FAST_MATH = YES;
				SDKROOT = iphoneos;
				SWIFT_COMPILATION_MODE = wholemodule;
				SWIFT_OPTIMIZATION_LEVEL = "-O";
				VALIDATE_PRODUCT = YES;
			};
			name = Release;
		};
		785547E923D6BC43003AA135 /* Debug */ = {
			isa = XCBuildConfiguration;
			buildSettings = {
				ASSETCATALOG_COMPILER_APPICON_NAME = AppIcon;
				CODE_SIGN_STYLE = Automatic;
				INFOPLIST_FILE = paymentGatewayPractice/Info.plist;
				LD_RUNPATH_SEARCH_PATHS = (
					"$(inherited)",
					"@executable_path/Frameworks",
				);
				PRODUCT_BUNDLE_IDENTIFIER = Brn.paymentGatewayPractice;
				PRODUCT_NAME = "$(TARGET_NAME)";
				SWIFT_VERSION = 5.0;
				TARGETED_DEVICE_FAMILY = "1,2";
			};
			name = Debug;
		};
		785547EA23D6BC43003AA135 /* Release */ = {
			isa = XCBuildConfiguration;
			buildSettings = {
				ASSETCATALOG_COMPILER_APPICON_NAME = AppIcon;
				CODE_SIGN_STYLE = Automatic;
				INFOPLIST_FILE = paymentGatewayPractice/Info.plist;
				LD_RUNPATH_SEARCH_PATHS = (
					"$(inherited)",
					"@executable_path/Frameworks",
				);
				PRODUCT_BUNDLE_IDENTIFIER = Brn.paymentGatewayPractice;
				PRODUCT_NAME = "$(TARGET_NAME)";
				SWIFT_VERSION = 5.0;
				TARGETED_DEVICE_FAMILY = "1,2";
			};
			name = Release;
		};
/* End XCBuildConfiguration section */

/* Begin XCConfigurationList section */
		785547CF23D6BC3A003AA135 /* Build configuration list for PBXProject "paymentGatewayPractice" */ = {
			isa = XCConfigurationList;
			buildConfigurations = (
				785547E623D6BC43003AA135 /* Debug */,
				785547E723D6BC43003AA135 /* Release */,
			);
			defaultConfigurationIsVisible = 0;
			defaultConfigurationName = Release;
		};
		785547E823D6BC43003AA135 /* Build configuration list for PBXNativeTarget "paymentGatewayPractice" */ = {
			isa = XCConfigurationList;
			buildConfigurations = (
				785547E923D6BC43003AA135 /* Debug */,
				785547EA23D6BC43003AA135 /* Release */,
			);
			defaultConfigurationIsVisible = 0;
			defaultConfigurationName = Release;
		};
/* End XCConfigurationList section */
	};
	rootObject = 785547CC23D6BC3A003AA135 /* Project object */;
}
